
Microsoft Visual Studio Solution File, Format Version 12.00
# Visual Studio 14
VisualStudioVersion = 14.0.25420.1
MinimumVisualStudioVersion = 10.0.40219.1
Project("{2150E333-8FDC-42A3-9474-1A3956D46DE8}") = "src", "src", "{4FBBF204-B054-4C42-A78E-74F37072CF34}"
EndProject
Project("{2150E333-8FDC-42A3-9474-1A3956D46DE8}") = "Solution Items", "Solution Items", "{2DA32119-BE98-4D45-8483-40CF4EAF056C}"
	ProjectSection(SolutionItems) = preProject
		global.json = global.json
		..\README.md = ..\README.md
	EndProjectSection
EndProject
Project("{8BB2217D-0F2D-49D1-97BC-3654ED321F3B}") = "WebChat", "src\WebChat\WebChat.xproj", "{522E6641-883F-407C-A02B-1AB52AE06478}"
EndProject
Global
	GlobalSection(SolutionConfigurationPlatforms) = preSolution
		Debug|Any CPU = Debug|Any CPU
		Release|Any CPU = Release|Any CPU
	EndGlobalSection
	GlobalSection(ProjectConfigurationPlatforms) = postSolution
		{522E6641-883F-407C-A02B-1AB52AE06478}.Debug|Any CPU.ActiveCfg = Debug|Any CPU
		{522E6641-883F-407C-A02B-1AB52AE06478}.Debug|Any CPU.Build.0 = Debug|Any CPU
		{522E6641-883F-407C-A02B-1AB52AE06478}.Release|Any CPU.ActiveCfg = Release|Any CPU
		{522E6641-883F-407C-A02B-1AB52AE06478}.Release|Any CPU.Build.0 = Release|Any CPU
	EndGlobalSection
	GlobalSection(SolutionProperties) = preSolution
		HideSolutionNode = FALSE
	EndGlobalSection
	GlobalSection(NestedProjects) = preSolution
		{522E6641-883F-407C-A02B-1AB52AE06478} = {4FBBF204-B054-4C42-A78E-74F37072CF34}
	EndGlobalSection
EndGlobal
